// !$*UTF8*$!
{
	archiveVersion = 1;
	classes = {
	};
	objectVersion = 50;
	objects = {

/* Begin PBXBuildFile section */
		260EB490253324400032164B /* AppDelegate.swift in Sources */ = {isa = PBXBuildFile; fileRef = 260EB48F253324400032164B /* AppDelegate.swift */; };
		260EB492253324400032164B /* SceneDelegate.swift in Sources */ = {isa = PBXBuildFile; fileRef = 260EB491253324400032164B /* SceneDelegate.swift */; };
		260EB494253324400032164B /* ConversationsViewController.swift in Sources */ = {isa = PBXBuildFile; fileRef = 260EB493253324400032164B /* ConversationsViewController.swift */; };
		260EB497253324400032164B /* Main.storyboard in Resources */ = {isa = PBXBuildFile; fileRef = 260EB495253324400032164B /* Main.storyboard */; };
		260EB499253324480032164B /* Assets.xcassets in Resources */ = {isa = PBXBuildFile; fileRef = 260EB498253324480032164B /* Assets.xcassets */; };
		260EB49C253324480032164B /* LaunchScreen.storyboard in Resources */ = {isa = PBXBuildFile; fileRef = 260EB49A253324480032164B /* LaunchScreen.storyboard */; };
		260EB4AA253325D10032164B /* LoginViewController.swift in Sources */ = {isa = PBXBuildFile; fileRef = 260EB4A9253325D10032164B /* LoginViewController.swift */; };
		260EB4AC253325E20032164B /* RegisterViewController.swift in Sources */ = {isa = PBXBuildFile; fileRef = 260EB4AB253325E20032164B /* RegisterViewController.swift */; };
		260EB4AE253325F00032164B /* PhotoViewController.swift in Sources */ = {isa = PBXBuildFile; fileRef = 260EB4AD253325F00032164B /* PhotoViewController.swift */; };
		260EB4B12533260F0032164B /* VideoPlayerViewController.swift in Sources */ = {isa = PBXBuildFile; fileRef = 260EB4B02533260F0032164B /* VideoPlayerViewController.swift */; };
		260EB4B3253326250032164B /* NewConversationViewController.swift in Sources */ = {isa = PBXBuildFile; fileRef = 260EB4B2253326250032164B /* NewConversationViewController.swift */; };
		260EB4B52533262E0032164B /* ProfileViewController.swift in Sources */ = {isa = PBXBuildFile; fileRef = 260EB4B42533262E0032164B /* ProfileViewController.swift */; };
/* End PBXBuildFile section */

/* Begin PBXFileReference section */
		260EB48C253324400032164B /* Messenger.app */ = {isa = PBXFileReference; explicitFileType = wrapper.application; includeInIndex = 0; path = Messenger.app; sourceTree = BUILT_PRODUCTS_DIR; };
		260EB48F253324400032164B /* AppDelegate.swift */ = {isa = PBXFileReference; lastKnownFileType = sourcecode.swift; path = AppDelegate.swift; sourceTree = "<group>"; };
		260EB491253324400032164B /* SceneDelegate.swift */ = {isa = PBXFileReference; lastKnownFileType = sourcecode.swift; path = SceneDelegate.swift; sourceTree = "<group>"; };
		260EB493253324400032164B /* ConversationsViewController.swift */ = {isa = PBXFileReference; lastKnownFileType = sourcecode.swift; path = ConversationsViewController.swift; sourceTree = "<group>"; };
		260EB496253324400032164B /* Base */ = {isa = PBXFileReference; lastKnownFileType = file.storyboard; name = Base; path = Base.lproj/Main.storyboard; sourceTree = "<group>"; };
		260EB498253324480032164B /* Assets.xcassets */ = {isa = PBXFileReference; lastKnownFileType = folder.assetcatalog; path = Assets.xcassets; sourceTree = "<group>"; };
		260EB49B253324480032164B /* Base */ = {isa = PBXFileReference; lastKnownFileType = file.storyboard; name = Base; path = Base.lproj/LaunchScreen.storyboard; sourceTree = "<group>"; };
		260EB49D253324480032164B /* Info.plist */ = {isa = PBXFileReference; lastKnownFileType = text.plist.xml; path = Info.plist; sourceTree = "<group>"; };
		260EB4A9253325D10032164B /* LoginViewController.swift */ = {isa = PBXFileReference; lastKnownFileType = sourcecode.swift; path = LoginViewController.swift; sourceTree = "<group>"; };
		260EB4AB253325E20032164B /* RegisterViewController.swift */ = {isa = PBXFileReference; lastKnownFileType = sourcecode.swift; path = RegisterViewController.swift; sourceTree = "<group>"; };
		260EB4AD253325F00032164B /* PhotoViewController.swift */ = {isa = PBXFileReference; lastKnownFileType = sourcecode.swift; path = PhotoViewController.swift; sourceTree = "<group>"; };
		260EB4B02533260F0032164B /* VideoPlayerViewController.swift */ = {isa = PBXFileReference; lastKnownFileType = sourcecode.swift; path = VideoPlayerViewController.swift; sourceTree = "<group>"; };
		260EB4B2253326250032164B /* NewConversationViewController.swift */ = {isa = PBXFileReference; lastKnownFileType = sourcecode.swift; path = NewConversationViewController.swift; sourceTree = "<group>"; };
		260EB4B42533262E0032164B /* ProfileViewController.swift */ = {isa = PBXFileReference; lastKnownFileType = sourcecode.swift; path = ProfileViewController.swift; sourceTree = "<group>"; };
/* End PBXFileReference section */

/* Begin PBXFrameworksBuildPhase section */
		260EB489253324400032164B /* Frameworks */ = {
			isa = PBXFrameworksBuildPhase;
			buildActionMask = 2147483647;
			files = (
			);
			runOnlyForDeploymentPostprocessing = 0;
		};
/* End PBXFrameworksBuildPhase section */

/* Begin PBXGroup section */
		260EB483253324400032164B = {
			isa = PBXGroup;
			children = (
				260EB48E253324400032164B /* Messenger */,
				260EB48D253324400032164B /* Products */,
			);
			sourceTree = "<group>";
		};
		260EB48D253324400032164B /* Products */ = {
			isa = PBXGroup;
			children = (
				260EB48C253324400032164B /* Messenger.app */,
			);
			name = Products;
			sourceTree = "<group>";
		};
		260EB48E253324400032164B /* Messenger */ = {
			isa = PBXGroup;
			children = (
				260EB4A7253324FA0032164B /* Resources */,
				260EB4A6253324EE0032164B /* ViewModels */,
				260EB4A5253324E20032164B /* Controllers */,
				260EB4A4253324D10032164B /* Models */,
				260EB4A3253324BA0032164B /* Views */,
				260EB49A253324480032164B /* LaunchScreen.storyboard */,
				260EB49D253324480032164B /* Info.plist */,
			);
			path = Messenger;
			sourceTree = "<group>";
		};
		260EB4A3253324BA0032164B /* Views */ = {
			isa = PBXGroup;
			children = (
				260EB4A8253325210032164B /* StoryBoards */,
				260EB498253324480032164B /* Assets.xcassets */,
				260EB495253324400032164B /* Main.storyboard */,
			);
			path = Views;
			sourceTree = "<group>";
		};
		260EB4A4253324D10032164B /* Models */ = {
			isa = PBXGroup;
			children = (
			);
			path = Models;
			sourceTree = "<group>";
		};
		260EB4A5253324E20032164B /* Controllers */ = {
			isa = PBXGroup;
			children = (
				260EB493253324400032164B /* ConversationsViewController.swift */,
				260EB4A9253325D10032164B /* LoginViewController.swift */,
				260EB4AB253325E20032164B /* RegisterViewController.swift */,
				260EB4AD253325F00032164B /* PhotoViewController.swift */,
				260EB4B02533260F0032164B /* VideoPlayerViewController.swift */,
				260EB4B2253326250032164B /* NewConversationViewController.swift */,
				260EB4B42533262E0032164B /* ProfileViewController.swift */,
			);
			path = Controllers;
			sourceTree = "<group>";
		};
		260EB4A6253324EE0032164B /* ViewModels */ = {
			isa = PBXGroup;
			children = (
			);
			path = ViewModels;
			sourceTree = "<group>";
		};
		260EB4A7253324FA0032164B /* Resources */ = {
			isa = PBXGroup;
			children = (
				260EB48F253324400032164B /* AppDelegate.swift */,
				260EB491253324400032164B /* SceneDelegate.swift */,
			);
			path = Resources;
			sourceTree = "<group>";
		};
		260EB4A8253325210032164B /* StoryBoards */ = {
			isa = PBXGroup;
			children = (
			);
			path = StoryBoards;
			sourceTree = "<group>";
		};
/* End PBXGroup section */

/* Begin PBXNativeTarget section */
		260EB48B253324400032164B /* Messenger */ = {
			isa = PBXNativeTarget;
			buildConfigurationList = 260EB4A0253324480032164B /* Build configuration list for PBXNativeTarget "Messenger" */;
			buildPhases = (
				260EB488253324400032164B /* Sources */,
				260EB489253324400032164B /* Frameworks */,
				260EB48A253324400032164B /* Resources */,
			);
			buildRules = (
			);
			dependencies = (
			);
			name = Messenger;
			productName = Messenger;
			productReference = 260EB48C253324400032164B /* Messenger.app */;
			productType = "com.apple.product-type.application";
		};
/* End PBXNativeTarget section */

/* Begin PBXProject section */
		260EB484253324400032164B /* Project object */ = {
			isa = PBXProject;
			attributes = {
				LastSwiftUpdateCheck = 1150;
				LastUpgradeCheck = 1150;
				ORGANIZATIONNAME = "Ritik Srivastava";
				TargetAttributes = {
					260EB48B253324400032164B = {
						CreatedOnToolsVersion = 11.5;
					};
				};
			};
			buildConfigurationList = 260EB487253324400032164B /* Build configuration list for PBXProject "Messenger" */;
			compatibilityVersion = "Xcode 9.3";
			developmentRegion = en;
			hasScannedForEncodings = 0;
			knownRegions = (
				en,
				Base,
			);
			mainGroup = 260EB483253324400032164B;
			productRefGroup = 260EB48D253324400032164B /* Products */;
			projectDirPath = "";
			projectRoot = "";
			targets = (
				260EB48B253324400032164B /* Messenger */,
			);
		};
/* End PBXProject section */

/* Begin PBXResourcesBuildPhase section */
		260EB48A253324400032164B /* Resources */ = {
			isa = PBXResourcesBuildPhase;
			buildActionMask = 2147483647;
			files = (
				260EB49C253324480032164B /* LaunchScreen.storyboard in Resources */,
				260EB499253324480032164B /* Assets.xcassets in Resources */,
				260EB497253324400032164B /* Main.storyboard in Resources */,
			);
			runOnlyForDeploymentPostprocessing = 0;
		};
/* End PBXResourcesBuildPhase section */

/* Begin PBXSourcesBuildPhase section */
		260EB488253324400032164B /* Sources */ = {
			isa = PBXSourcesBuildPhase;
			buildActionMask = 2147483647;
			files = (
				260EB4AA253325D10032164B /* LoginViewController.swift in Sources */,
				260EB4AC253325E20032164B /* RegisterViewController.swift in Sources */,
				260EB4B3253326250032164B /* NewConversationViewController.swift in Sources */,
				260EB494253324400032164B /* ConversationsViewController.swift in Sources */,
				260EB4B12533260F0032164B /* VideoPlayerViewController.swift in Sources */,
				260EB490253324400032164B /* AppDelegate.swift in Sources */,
				260EB4B52533262E0032164B /* ProfileViewController.swift in Sources */,
				260EB492253324400032164B /* SceneDelegate.swift in Sources */,
				260EB4AE253325F00032164B /* PhotoViewController.swift in Sources */,
			);
			runOnlyForDeploymentPostprocessing = 0;
		};
/* End PBXSourcesBuildPhase section */

/* Begin PBXVariantGroup section */
		260EB495253324400032164B /* Main.storyboard */ = {
			isa = PBXVariantGroup;
			children = (
				260EB496253324400032164B /* Base */,
			);
			name = Main.storyboard;
			sourceTree = "<group>";
		};
		260EB49A253324480032164B /* LaunchScreen.storyboard */ = {
			isa = PBXVariantGroup;
			children = (
				260EB49B253324480032164B /* Base */,
			);
			name = LaunchScreen.storyboard;
			sourceTree = "<group>";
		};
/* End PBXVariantGroup section */

/* Begin XCBuildConfiguration section */
		260EB49E253324480032164B /* Debug */ = {
			isa = XCBuildConfiguration;
			buildSettings = {
				ALWAYS_SEARCH_USER_PATHS = NO;
				CLANG_ANALYZER_NONNULL = YES;
				CLANG_ANALYZER_NUMBER_OBJECT_CONVERSION = YES_AGGRESSIVE;
				CLANG_CXX_LANGUAGE_STANDARD = "gnu++14";
				CLANG_CXX_LIBRARY = "libc++";
				CLANG_ENABLE_MODULES = YES;
				CLANG_ENABLE_OBJC_ARC = YES;
				CLANG_ENABLE_OBJC_WEAK = YES;
				CLANG_WARN_BLOCK_CAPTURE_AUTORELEASING = YES;
				CLANG_WARN_BOOL_CONVERSION = YES;
				CLANG_WARN_COMMA = YES;
				CLANG_WARN_CONSTANT_CONVERSION = YES;
				CLANG_WARN_DEPRECATED_OBJC_IMPLEMENTATIONS = YES;
				CLANG_WARN_DIRECT_OBJC_ISA_USAGE = YES_ERROR;
				CLANG_WARN_DOCUMENTATION_COMMENTS = YES;
				CLANG_WARN_EMPTY_BODY = YES;
				CLANG_WARN_ENUM_CONVERSION = YES;
				CLANG_WARN_INFINITE_RECURSION = YES;
				CLANG_WARN_INT_CONVERSION = YES;
				CLANG_WARN_NON_LITERAL_NULL_CONVERSION = YES;
				CLANG_WARN_OBJC_IMPLICIT_RETAIN_SELF = YES;
				CLANG_WARN_OBJC_LITERAL_CONVERSION = YES;
				CLANG_WARN_OBJC_ROOT_CLASS = YES_ERROR;
				CLANG_WARN_RANGE_LOOP_ANALYSIS = YES;
				CLANG_WARN_STRICT_PROTOTYPES = YES;
				CLANG_WARN_SUSPICIOUS_MOVE = YES;
				CLANG_WARN_UNGUARDED_AVAILABILITY = YES_AGGRESSIVE;
				CLANG_WARN_UNREACHABLE_CODE = YES;
				CLANG_WARN__DUPLICATE_METHOD_MATCH = YES;
				COPY_PHASE_STRIP = NO;
				DEBUG_INFORMATION_FORMAT = dwarf;
				ENABLE_STRICT_OBJC_MSGSEND = YES;
				ENABLE_TESTABILITY = YES;
				GCC_C_LANGUAGE_STANDARD = gnu11;
				GCC_DYNAMIC_NO_PIC = NO;
				GCC_NO_COMMON_BLOCKS = YES;
				GCC_OPTIMIZATION_LEVEL = 0;
				GCC_PREPROCESSOR_DEFINITIONS = (
					"DEBUG=1",
					"$(inherited)",
				);
				GCC_WARN_64_TO_32_BIT_CONVERSION = YES;
				GCC_WARN_ABOUT_RETURN_TYPE = YES_ERROR;
				GCC_WARN_UNDECLARED_SELECTOR = YES;
				GCC_WARN_UNINITIALIZED_AUTOS = YES_AGGRESSIVE;
				GCC_WARN_UNUSED_FUNCTION = YES;
				GCC_WARN_UNUSED_VARIABLE = YES;
				IPHONEOS_DEPLOYMENT_TARGET = 13.5;
				MTL_ENABLE_DEBUG_INFO = INCLUDE_SOURCE;
				MTL_FAST_MATH = YES;
				ONLY_ACTIVE_ARCH = YES;
				SDKROOT = iphoneos;
				SWIFT_ACTIVE_COMPILATION_CONDITIONS = DEBUG;
				SWIFT_OPTIMIZATION_LEVEL = "-Onone";
			};
			name = Debug;
		};
		260EB49F253324480032164B /* Release */ = {
			isa = XCBuildConfiguration;
			buildSettings = {
				ALWAYS_SEARCH_USER_PATHS = NO;
				CLANG_ANALYZER_NONNULL = YES;
				CLANG_ANALYZER_NUMBER_OBJECT_CONVERSION = YES_AGGRESSIVE;
				CLANG_CXX_LANGUAGE_STANDARD = "gnu++14";
				CLANG_CXX_LIBRARY = "libc++";
				CLANG_ENABLE_MODULES = YES;
				CLANG_ENABLE_OBJC_ARC = YES;
				CLANG_ENABLE_OBJC_WEAK = YES;
				CLANG_WARN_BLOCK_CAPTURE_AUTORELEASING = YES;
				CLANG_WARN_BOOL_CONVERSION = YES;
				CLANG_WARN_COMMA = YES;
				CLANG_WARN_CONSTANT_CONVERSION = YES;
				CLANG_WARN_DEPRECATED_OBJC_IMPLEMENTATIONS = YES;
				CLANG_WARN_DIRECT_OBJC_ISA_USAGE = YES_ERROR;
				CLANG_WARN_DOCUMENTATION_COMMENTS = YES;
				CLANG_WARN_EMPTY_BODY = YES;
				CLANG_WARN_ENUM_CONVERSION = YES;
				CLANG_WARN_INFINITE_RECURSION = YES;
				CLANG_WARN_INT_CONVERSION = YES;
				CLANG_WARN_NON_LITERAL_NULL_CONVERSION = YES;
				CLANG_WARN_OBJC_IMPLICIT_RETAIN_SELF = YES;
				CLANG_WARN_OBJC_LITERAL_CONVERSION = YES;
				CLANG_WARN_OBJC_ROOT_CLASS = YES_ERROR;
				CLANG_WARN_RANGE_LOOP_ANALYSIS = YES;
				CLANG_WARN_STRICT_PROTOTYPES = YES;
				CLANG_WARN_SUSPICIOUS_MOVE = YES;
				CLANG_WARN_UNGUARDED_AVAILABILITY = YES_AGGRESSIVE;
				CLANG_WARN_UNREACHABLE_CODE = YES;
				CLANG_WARN__DUPLICATE_METHOD_MATCH = YES;
				COPY_PHASE_STRIP = NO;
				DEBUG_INFORMATION_FORMAT = "dwarf-with-dsym";
				ENABLE_NS_ASSERTIONS = NO;
				ENABLE_STRICT_OBJC_MSGSEND = YES;
				GCC_C_LANGUAGE_STANDARD = gnu11;
				GCC_NO_COMMON_BLOCKS = YES;
				GCC_WARN_64_TO_32_BIT_CONVERSION = YES;
				GCC_WARN_ABOUT_RETURN_TYPE = YES_ERROR;
				GCC_WARN_UNDECLARED_SELECTOR = YES;
				GCC_WARN_UNINITIALIZED_AUTOS = YES_AGGRESSIVE;
				GCC_WARN_UNUSED_FUNCTION = YES;
				GCC_WARN_UNUSED_VARIABLE = YES;
				IPHONEOS_DEPLOYMENT_TARGET = 13.5;
				MTL_ENABLE_DEBUG_INFO = NO;
				MTL_FAST_MATH = YES;
				SDKROOT = iphoneos;
				SWIFT_COMPILATION_MODE = wholemodule;
				SWIFT_OPTIMIZATION_LEVEL = "-O";
				VALIDATE_PRODUCT = YES;
			};
			name = Release;
		};
		260EB4A1253324480032164B /* Debug */ = {
			isa = XCBuildConfiguration;
			buildSettings = {
				ASSETCATALOG_COMPILER_APPICON_NAME = AppIcon;
				CODE_SIGN_STYLE = Automatic;
				DEVELOPMENT_TEAM = KSL3F3AWWM;
				INFOPLIST_FILE = Messenger/Info.plist;
				IPHONEOS_DEPLOYMENT_TARGET = 13.0;
				LD_RUNPATH_SEARCH_PATHS = (
					"$(inherited)",
					"@executable_path/Frameworks",
				);
				PRODUCT_BUNDLE_IDENTIFIER = com.alexanderritik.Messenger;
				PRODUCT_NAME = "$(TARGET_NAME)";
				SWIFT_VERSION = 5.0;
				TARGETED_DEVICE_FAMILY = "1,2";
			};
			name = Debug;
		};
		260EB4A2253324480032164B /* Release */ = {
			isa = XCBuildConfiguration;
			buildSettings = {
				ASSETCATALOG_COMPILER_APPICON_NAME = AppIcon;
				CODE_SIGN_STYLE = Automatic;
				DEVELOPMENT_TEAM = KSL3F3AWWM;
				INFOPLIST_FILE = Messenger/Info.plist;
				IPHONEOS_DEPLOYMENT_TARGET = 13.0;
				LD_RUNPATH_SEARCH_PATHS = (
					"$(inherited)",
					"@executable_path/Frameworks",
				);
				PRODUCT_BUNDLE_IDENTIFIER = com.alexanderritik.Messenger;
				PRODUCT_NAME = "$(TARGET_NAME)";
				SWIFT_VERSION = 5.0;
				TARGETED_DEVICE_FAMILY = "1,2";
			};
			name = Release;
		};
/* End XCBuildConfiguration section */

/* Begin XCConfigurationList section */
		260EB487253324400032164B /* Build configuration list for PBXProject "Messenger" */ = {
			isa = XCConfigurationList;
			buildConfigurations = (
				260EB49E253324480032164B /* Debug */,
				260EB49F253324480032164B /* Release */,
			);
			defaultConfigurationIsVisible = 0;
			defaultConfigurationName = Release;
		};
		260EB4A0253324480032164B /* Build configuration list for PBXNativeTarget "Messenger" */ = {
			isa = XCConfigurationList;
			buildConfigurations = (
				260EB4A1253324480032164B /* Debug */,
				260EB4A2253324480032164B /* Release */,
			);
			defaultConfigurationIsVisible = 0;
			defaultConfigurationName = Release;
		};
/* End XCConfigurationList section */
	};
	rootObject = 260EB484253324400032164B /* Project object */;
}
